// !$*UTF8*$!
{
	archiveVersion = 1;
	classes = {
	};
	objectVersion = 46;
	objects = {

/* Begin PBXBuildFile section */
		42DF795EEA46DB73637D13CD /* Pods_StudentLoans.framework in Frameworks */ = {isa = PBXBuildFile; fileRef = CA1DD7695991DBADCA306CAC /* Pods_StudentLoans.framework */; };
		447621421F5E1B8A002058C9 /* AppDelegate.swift in Sources */ = {isa = PBXBuildFile; fileRef = 447621411F5E1B8A002058C9 /* AppDelegate.swift */; };
		447621441F5E1B8A002058C9 /* ViewController.swift in Sources */ = {isa = PBXBuildFile; fileRef = 447621431F5E1B8A002058C9 /* ViewController.swift */; };
		447621471F5E1B8A002058C9 /* Main.storyboard in Resources */ = {isa = PBXBuildFile; fileRef = 447621451F5E1B8A002058C9 /* Main.storyboard */; };
		4476214C1F5E1B8A002058C9 /* LaunchScreen.storyboard in Resources */ = {isa = PBXBuildFile; fileRef = 4476214A1F5E1B8A002058C9 /* LaunchScreen.storyboard */; };
		4476216E1F5E50F9002058C9 /* Images.xcassets in Resources */ = {isa = PBXBuildFile; fileRef = 4476216D1F5E50F9002058C9 /* Images.xcassets */; };
		447621701F5E51BC002058C9 /* debt1600.png in Resources */ = {isa = PBXBuildFile; fileRef = 4476216F1F5E51BC002058C9 /* debt1600.png */; };
/* End PBXBuildFile section */

/* Begin PBXFileReference section */
		4476213E1F5E1B8A002058C9 /* StudentLoans.app */ = {isa = PBXFileReference; explicitFileType = wrapper.application; includeInIndex = 0; path = StudentLoans.app; sourceTree = BUILT_PRODUCTS_DIR; };
		447621411F5E1B8A002058C9 /* AppDelegate.swift */ = {isa = PBXFileReference; lastKnownFileType = sourcecode.swift; path = AppDelegate.swift; sourceTree = "<group>"; };
		447621431F5E1B8A002058C9 /* ViewController.swift */ = {isa = PBXFileReference; lastKnownFileType = sourcecode.swift; path = ViewController.swift; sourceTree = "<group>"; };
		447621461F5E1B8A002058C9 /* Base */ = {isa = PBXFileReference; lastKnownFileType = file.storyboard; name = Base; path = Base.lproj/Main.storyboard; sourceTree = "<group>"; };
		4476214B1F5E1B8A002058C9 /* Base */ = {isa = PBXFileReference; lastKnownFileType = file.storyboard; name = Base; path = Base.lproj/LaunchScreen.storyboard; sourceTree = "<group>"; };
		4476214D1F5E1B8A002058C9 /* Info.plist */ = {isa = PBXFileReference; lastKnownFileType = text.plist.xml; path = Info.plist; sourceTree = "<group>"; };
		4476216D1F5E50F9002058C9 /* Images.xcassets */ = {isa = PBXFileReference; lastKnownFileType = folder.assetcatalog; path = Images.xcassets; sourceTree = "<group>"; };
		4476216F1F5E51BC002058C9 /* debt1600.png */ = {isa = PBXFileReference; lastKnownFileType = image.png; path = debt1600.png; sourceTree = "<group>"; };
		ABBD67AC1A157D7339C5D614 /* Pods-StudentLoans.debug.xcconfig */ = {isa = PBXFileReference; includeInIndex = 1; lastKnownFileType = text.xcconfig; name = "Pods-StudentLoans.debug.xcconfig"; path = "Pods/Target Support Files/Pods-StudentLoans/Pods-StudentLoans.debug.xcconfig"; sourceTree = "<group>"; };
		B16B01FD1BF8397FAF2ECF6C /* Pods-StudentLoans.release.xcconfig */ = {isa = PBXFileReference; includeInIndex = 1; lastKnownFileType = text.xcconfig; name = "Pods-StudentLoans.release.xcconfig"; path = "Pods/Target Support Files/Pods-StudentLoans/Pods-StudentLoans.release.xcconfig"; sourceTree = "<group>"; };
		CA1DD7695991DBADCA306CAC /* Pods_StudentLoans.framework */ = {isa = PBXFileReference; explicitFileType = wrapper.framework; includeInIndex = 0; path = Pods_StudentLoans.framework; sourceTree = BUILT_PRODUCTS_DIR; };
/* End PBXFileReference section */

/* Begin PBXFrameworksBuildPhase section */
		4476213B1F5E1B8A002058C9 /* Frameworks */ = {
			isa = PBXFrameworksBuildPhase;
			buildActionMask = 2147483647;
			files = (
				42DF795EEA46DB73637D13CD /* Pods_StudentLoans.framework in Frameworks */,
			);
			runOnlyForDeploymentPostprocessing = 0;
		};
/* End PBXFrameworksBuildPhase section */

/* Begin PBXGroup section */
		447621351F5E1B8A002058C9 = {
			isa = PBXGroup;
			children = (
				447621401F5E1B8A002058C9 /* StudentLoans */,
				4476213F1F5E1B8A002058C9 /* Products */,
				447621531F5E2C73002058C9 /* Frameworks */,
				67CCFA89D85EF560E644BABE /* Pods */,
			);
			sourceTree = "<group>";
		};
		4476213F1F5E1B8A002058C9 /* Products */ = {
			isa = PBXGroup;
			children = (
				4476213E1F5E1B8A002058C9 /* StudentLoans.app */,
			);
			name = Products;
			sourceTree = "<group>";
		};
		447621401F5E1B8A002058C9 /* StudentLoans */ = {
			isa = PBXGroup;
			children = (
				447621411F5E1B8A002058C9 /* AppDelegate.swift */,
				447621431F5E1B8A002058C9 /* ViewController.swift */,
				447621451F5E1B8A002058C9 /* Main.storyboard */,
				4476216D1F5E50F9002058C9 /* Images.xcassets */,
				4476214A1F5E1B8A002058C9 /* LaunchScreen.storyboard */,
				4476216F1F5E51BC002058C9 /* debt1600.png */,
				4476214D1F5E1B8A002058C9 /* Info.plist */,
			);
			path = StudentLoans;
			sourceTree = "<group>";
		};
		447621531F5E2C73002058C9 /* Frameworks */ = {
			isa = PBXGroup;
			children = (
				CA1DD7695991DBADCA306CAC /* Pods_StudentLoans.framework */,
			);
			name = Frameworks;
			sourceTree = "<group>";
		};
		67CCFA89D85EF560E644BABE /* Pods */ = {
			isa = PBXGroup;
			children = (
				ABBD67AC1A157D7339C5D614 /* Pods-StudentLoans.debug.xcconfig */,
				B16B01FD1BF8397FAF2ECF6C /* Pods-StudentLoans.release.xcconfig */,
			);
			name = Pods;
			sourceTree = "<group>";
		};
/* End PBXGroup section */

/* Begin PBXNativeTarget section */
		4476213D1F5E1B8A002058C9 /* StudentLoans */ = {
			isa = PBXNativeTarget;
			buildConfigurationList = 447621501F5E1B8A002058C9 /* Build configuration list for PBXNativeTarget "StudentLoans" */;
			buildPhases = (
				35DB2E48ADC52B41E6A59A5A /* [CP] Check Pods Manifest.lock */,
				4476213A1F5E1B8A002058C9 /* Sources */,
				4476213B1F5E1B8A002058C9 /* Frameworks */,
				4476213C1F5E1B8A002058C9 /* Resources */,
				F45DFB39E30C22AE0722367C /* [CP] Embed Pods Frameworks */,
				F2939808C62348EC889B667F /* [CP] Copy Pods Resources */,
			);
			buildRules = (
			);
			dependencies = (
			);
			name = StudentLoans;
			productName = StudentLoans;
			productReference = 4476213E1F5E1B8A002058C9 /* StudentLoans.app */;
			productType = "com.apple.product-type.application";
		};
/* End PBXNativeTarget section */

/* Begin PBXProject section */
		447621361F5E1B8A002058C9 /* Project object */ = {
			isa = PBXProject;
			attributes = {
				LastSwiftUpdateCheck = 0830;
				LastUpgradeCheck = 0830;
				ORGANIZATIONNAME = Landon;
				TargetAttributes = {
					4476213D1F5E1B8A002058C9 = {
						CreatedOnToolsVersion = 8.3.3;
						DevelopmentTeam = MN489GLUZK;
						ProvisioningStyle = Automatic;
					};
				};
			};
			buildConfigurationList = 447621391F5E1B8A002058C9 /* Build configuration list for PBXProject "StudentLoans" */;
			compatibilityVersion = "Xcode 3.2";
			developmentRegion = English;
			hasScannedForEncodings = 0;
			knownRegions = (
				en,
				Base,
			);
			mainGroup = 447621351F5E1B8A002058C9;
			productRefGroup = 4476213F1F5E1B8A002058C9 /* Products */;
			projectDirPath = "";
			projectRoot = "";
			targets = (
				4476213D1F5E1B8A002058C9 /* StudentLoans */,
			);
		};
/* End PBXProject section */

/* Begin PBXResourcesBuildPhase section */
		4476213C1F5E1B8A002058C9 /* Resources */ = {
			isa = PBXResourcesBuildPhase;
			buildActionMask = 2147483647;
			files = (
				4476214C1F5E1B8A002058C9 /* LaunchScreen.storyboard in Resources */,
				447621701F5E51BC002058C9 /* debt1600.png in Resources */,
				4476216E1F5E50F9002058C9 /* Images.xcassets in Resources */,
				447621471F5E1B8A002058C9 /* Main.storyboard in Resources */,
			);
			runOnlyForDeploymentPostprocessing = 0;
		};
/* End PBXResourcesBuildPhase section */

/* Begin PBXShellScriptBuildPhase section */
		35DB2E48ADC52B41E6A59A5A /* [CP] Check Pods Manifest.lock */ = {
			isa = PBXShellScriptBuildPhase;
			buildActionMask = 2147483647;
			files = (
			);
			inputPaths = (
				"${PODS_PODFILE_DIR_PATH}/Podfile.lock",
				"${PODS_ROOT}/Manifest.lock",
			);
			name = "[CP] Check Pods Manifest.lock";
			outputPaths = (
				"$(DERIVED_FILE_DIR)/Pods-StudentLoans-checkManifestLockResult.txt",
			);
			runOnlyForDeploymentPostprocessing = 0;
			shellPath = /bin/sh;
			shellScript = "diff \"${PODS_PODFILE_DIR_PATH}/Podfile.lock\" \"${PODS_ROOT}/Manifest.lock\" > /dev/null\nif [ $? != 0 ] ; then\n    # print error to STDERR\n    echo \"error: The sandbox is not in sync with the Podfile.lock. Run 'pod install' or update your CocoaPods installation.\" >&2\n    exit 1\nfi\n# This output is used by Xcode 'outputs' to avoid re-running this script phase.\necho \"SUCCESS\" > \"${SCRIPT_OUTPUT_FILE_0}\"\n";
			showEnvVarsInLog = 0;
		};
		F2939808C62348EC889B667F /* [CP] Copy Pods Resources */ = {
			isa = PBXShellScriptBuildPhase;
			buildActionMask = 2147483647;
			files = (
			);
			inputPaths = (
			);
			name = "[CP] Copy Pods Resources";
			outputPaths = (
			);
			runOnlyForDeploymentPostprocessing = 0;
			shellPath = /bin/sh;
			shellScript = "\"${SRCROOT}/Pods/Target Support Files/Pods-StudentLoans/Pods-StudentLoans-resources.sh\"\n";
			showEnvVarsInLog = 0;
		};
		F45DFB39E30C22AE0722367C /* [CP] Embed Pods Frameworks */ = {
			isa = PBXShellScriptBuildPhase;
			buildActionMask = 2147483647;
			files = (
			);
			inputPaths = (
				"${SRCROOT}/Pods/Target Support Files/Pods-StudentLoans/Pods-StudentLoans-frameworks.sh",
				"${BUILT_PRODUCTS_DIR}/PromiseKit/PromiseKit.framework",
			);
			name = "[CP] Embed Pods Frameworks";
			outputPaths = (
				"${TARGET_BUILD_DIR}/${FRAMEWORKS_FOLDER_PATH}/PromiseKit.framework",
			);
			runOnlyForDeploymentPostprocessing = 0;
			shellPath = /bin/sh;
			shellScript = "\"${SRCROOT}/Pods/Target Support Files/Pods-StudentLoans/Pods-StudentLoans-frameworks.sh\"\n";
			showEnvVarsInLog = 0;
		};
/* End PBXShellScriptBuildPhase section */

/* Begin PBXSourcesBuildPhase section */
		4476213A1F5E1B8A002058C9 /* Sources */ = {
			isa = PBXSourcesBuildPhase;
			buildActionMask = 2147483647;
			files = (
				447621441F5E1B8A002058C9 /* ViewController.swift in Sources */,
				447621421F5E1B8A002058C9 /* AppDelegate.swift in Sources */,
			);
			runOnlyForDeploymentPostprocessing = 0;
		};
/* End PBXSourcesBuildPhase section */

/* Begin PBXVariantGroup section */
		447621451F5E1B8A002058C9 /* Main.storyboard */ = {
			isa = PBXVariantGroup;
			children = (
				447621461F5E1B8A002058C9 /* Base */,
			);
			name = Main.storyboard;
			sourceTree = "<group>";
		};
		4476214A1F5E1B8A002058C9 /* LaunchScreen.storyboard */ = {
			isa = PBXVariantGroup;
			children = (
				4476214B1F5E1B8A002058C9 /* Base */,
			);
			name = LaunchScreen.storyboard;
			sourceTree = "<group>";
		};
/* End PBXVariantGroup section */

/* Begin XCBuildConfiguration section */
		4476214E1F5E1B8A002058C9 /* Debug */ = {
			isa = XCBuildConfiguration;
			buildSettings = {
				ALWAYS_SEARCH_USER_PATHS = NO;
				CLANG_ANALYZER_NONNULL = YES;
				CLANG_ANALYZER_NUMBER_OBJECT_CONVERSION = YES_AGGRESSIVE;
				CLANG_CXX_LANGUAGE_STANDARD = "gnu++0x";
				CLANG_CXX_LIBRARY = "libc++";
				CLANG_ENABLE_MODULES = YES;
				CLANG_ENABLE_OBJC_ARC = YES;
				CLANG_WARN_BOOL_CONVERSION = YES;
				CLANG_WARN_CONSTANT_CONVERSION = YES;
				CLANG_WARN_DIRECT_OBJC_ISA_USAGE = YES_ERROR;
				CLANG_WARN_DOCUMENTATION_COMMENTS = YES;
				CLANG_WARN_EMPTY_BODY = YES;
				CLANG_WARN_ENUM_CONVERSION = YES;
				CLANG_WARN_INFINITE_RECURSION = YES;
				CLANG_WARN_INT_CONVERSION = YES;
				CLANG_WARN_OBJC_ROOT_CLASS = YES_ERROR;
				CLANG_WARN_SUSPICIOUS_MOVE = YES;
				CLANG_WARN_UNREACHABLE_CODE = YES;
				CLANG_WARN__DUPLICATE_METHOD_MATCH = YES;
				"CODE_SIGN_IDENTITY[sdk=iphoneos*]" = "iPhone Developer";
				COPY_PHASE_STRIP = NO;
				DEBUG_INFORMATION_FORMAT = dwarf;
				ENABLE_STRICT_OBJC_MSGSEND = YES;
				ENABLE_TESTABILITY = YES;
				GCC_C_LANGUAGE_STANDARD = gnu99;
				GCC_DYNAMIC_NO_PIC = NO;
				GCC_NO_COMMON_BLOCKS = YES;
				GCC_OPTIMIZATION_LEVEL = 0;
				GCC_PREPROCESSOR_DEFINITIONS = (
					"DEBUG=1",
					"$(inherited)",
				);
				GCC_WARN_64_TO_32_BIT_CONVERSION = YES;
				GCC_WARN_ABOUT_RETURN_TYPE = YES_ERROR;
				GCC_WARN_UNDECLARED_SELECTOR = YES;
				GCC_WARN_UNINITIALIZED_AUTOS = YES_AGGRESSIVE;
				GCC_WARN_UNUSED_FUNCTION = YES;
				GCC_WARN_UNUSED_VARIABLE = YES;
				IPHONEOS_DEPLOYMENT_TARGET = 10.3;
				MTL_ENABLE_DEBUG_INFO = YES;
				ONLY_ACTIVE_ARCH = YES;
				SDKROOT = iphoneos;
				SWIFT_ACTIVE_COMPILATION_CONDITIONS = DEBUG;
				SWIFT_OPTIMIZATION_LEVEL = "-Onone";
			};
			name = Debug;
		};
		4476214F1F5E1B8A002058C9 /* Release */ = {
			isa = XCBuildConfiguration;
			buildSettings = {
				ALWAYS_SEARCH_USER_PATHS = NO;
				CLANG_ANALYZER_NONNULL = YES;
				CLANG_ANALYZER_NUMBER_OBJECT_CONVERSION = YES_AGGRESSIVE;
				CLANG_CXX_LANGUAGE_STANDARD = "gnu++0x";
				CLANG_CXX_LIBRARY = "libc++";
				CLANG_ENABLE_MODULES = YES;
				CLANG_ENABLE_OBJC_ARC = YES;
				CLANG_WARN_BOOL_CONVERSION = YES;
				CLANG_WARN_CONSTANT_CONVERSION = YES;
				CLANG_WARN_DIRECT_OBJC_ISA_USAGE = YES_ERROR;
				CLANG_WARN_DOCUMENTATION_COMMENTS = YES;
				CLANG_WARN_EMPTY_BODY = YES;
				CLANG_WARN_ENUM_CONVERSION = YES;
				CLANG_WARN_INFINITE_RECURSION = YES;
				CLANG_WARN_INT_CONVERSION = YES;
				CLANG_WARN_OBJC_ROOT_CLASS = YES_ERROR;
				CLANG_WARN_SUSPICIOUS_MOVE = YES;
				CLANG_WARN_UNREACHABLE_CODE = YES;
				CLANG_WARN__DUPLICATE_METHOD_MATCH = YES;
				"CODE_SIGN_IDENTITY[sdk=iphoneos*]" = "iPhone Developer";
				COPY_PHASE_STRIP = NO;
				DEBUG_INFORMATION_FORMAT = "dwarf-with-dsym";
				ENABLE_NS_ASSERTIONS = NO;
				ENABLE_STRICT_OBJC_MSGSEND = YES;
				GCC_C_LANGUAGE_STANDARD = gnu99;
				GCC_NO_COMMON_BLOCKS = YES;
				GCC_WARN_64_TO_32_BIT_CONVERSION = YES;
				GCC_WARN_ABOUT_RETURN_TYPE = YES_ERROR;
				GCC_WARN_UNDECLARED_SELECTOR = YES;
				GCC_WARN_UNINITIALIZED_AUTOS = YES_AGGRESSIVE;
				GCC_WARN_UNUSED_FUNCTION = YES;
				GCC_WARN_UNUSED_VARIABLE = YES;
				IPHONEOS_DEPLOYMENT_TARGET = 10.3;
				MTL_ENABLE_DEBUG_INFO = NO;
				SDKROOT = iphoneos;
				SWIFT_OPTIMIZATION_LEVEL = "-Owholemodule";
				VALIDATE_PRODUCT = YES;
			};
			name = Release;
		};
		447621511F5E1B8A002058C9 /* Debug */ = {
			isa = XCBuildConfiguration;
			baseConfigurationReference = ABBD67AC1A157D7339C5D614 /* Pods-StudentLoans.debug.xcconfig */;
			buildSettings = {
				ASSETCATALOG_COMPILER_APPICON_NAME = AppIcon;
				DEVELOPMENT_TEAM = MN489GLUZK;
				FRAMEWORK_SEARCH_PATHS = (
					"$(inherited)",
					"$(PROJECT_DIR)/Foundation/build/Debug",
				);
				INFOPLIST_FILE = StudentLoans/Info.plist;
				LD_RUNPATH_SEARCH_PATHS = "$(inherited) @executable_path/Frameworks";
				PRODUCT_BUNDLE_IDENTIFIER = Landon.StudentLoans;
				PRODUCT_NAME = "$(TARGET_NAME)";
				SWIFT_VERSION = 3.0;
			};
			name = Debug;
		};
		447621521F5E1B8A002058C9 /* Release */ = {
			isa = XCBuildConfiguration;
			baseConfigurationReference = B16B01FD1BF8397FAF2ECF6C /* Pods-StudentLoans.release.xcconfig */;
			buildSettings = {
				ASSETCATALOG_COMPILER_APPICON_NAME = AppIcon;
				DEVELOPMENT_TEAM = MN489GLUZK;
				FRAMEWORK_SEARCH_PATHS = (
					"$(inherited)",
					"$(PROJECT_DIR)/Foundation/build/Debug",
				);
				INFOPLIST_FILE = StudentLoans/Info.plist;
				LD_RUNPATH_SEARCH_PATHS = "$(inherited) @executable_path/Frameworks";
				PRODUCT_BUNDLE_IDENTIFIER = Landon.StudentLoans;
				PRODUCT_NAME = "$(TARGET_NAME)";
				SWIFT_VERSION = 3.0;
			};
			name = Release;
		};
/* End XCBuildConfiguration section */

/* Begin XCConfigurationList section */
		447621391F5E1B8A002058C9 /* Build configuration list for PBXProject "StudentLoans" */ = {
			isa = XCConfigurationList;
			buildConfigurations = (
				4476214E1F5E1B8A002058C9 /* Debug */,
				4476214F1F5E1B8A002058C9 /* Release */,
			);
			defaultConfigurationIsVisible = 0;
			defaultConfigurationName = Release;
		};
		447621501F5E1B8A002058C9 /* Build configuration list for PBXNativeTarget "StudentLoans" */ = {
			isa = XCConfigurationList;
			buildConfigurations = (
				447621511F5E1B8A002058C9 /* Debug */,
				447621521F5E1B8A002058C9 /* Release */,
			);
			defaultConfigurationIsVisible = 0;
			defaultConfigurationName = Release;
		};
/* End XCConfigurationList section */
	};
	rootObject = 447621361F5E1B8A002058C9 /* Project object */;
}
